PODS:
  - FSOAuth (1.2.1)
  - KeychainAccess (4.2.1)
  - Keys (1.0.1)

DEPENDENCIES:
  - FSOAuth
  - KeychainAccess
  - Keys (from `Pods/CocoaPodsKeys`)

SPEC REPOS:
  trunk:
    - FSOAuth
    - KeychainAccess

EXTERNAL SOURCES:
  Keys:
    :path: Pods/CocoaPodsKeys

SPEC CHECKSUMS:
  FSOAuth: abf5dc97e90d1da4cb6e04305653998088a223b3
  KeychainAccess: 9b07f665298d13c3a85881bd3171f6f49b8151c1
  Keys: a576f4c9c1c641ca913a959a9c62ed3f215a8de9

PODFILE CHECKSUM: ea644afa7df18d54c01f90277f88c89c6a97a2bf

COCOAPODS: 1.10.1
