{
  "object": {
    "pins": [
      {
        "package": "URLImage",
        "repositoryURL": "https://github.com/eMdOS/URLImage.git",
        "state": {
          "branch": "master",
          "revision": "6daa83ecb94edafb679f9d3e1afbe2db25028b71",
          "version": null
        }
      }
    ]
  },
  "version": 1
}
