{
  "pins" : [
    {
      "identity" : "foursquare-ios-oauth",
      "kind" : "remoteSourceControl",
      "location" : "https://github.com/markltownsend/foursquare-ios-oauth.git",
      "state" : {
        "revision" : "bc2df08c38a90e815e1a01c3533a4f9039713455",
        "version" : "1.2.2"
      }
    },
    {
      "identity" : "keychainaccess",
      "kind" : "remoteSourceControl",
      "location" : "https://github.com/kishikawakatsumi/KeychainAccess.git",
      "state" : {
        "branch" : "master",
        "revision" : "6299daec1d74be12164fec090faf9ed14d0da9d6"
      }
    }
  ],
  "version" : 2
}
